
Microsoft Visual Studio Solution File, Format Version 12.00
Project("{FAE04EC0-301F-11D3-BF4B-00C04F79EFBC}") = "creational", "creational\creational.csproj", "{94F3E4F3-27B3-45F8-852E-DD252B6EA386}"
EndProject
Project("{FAE04EC0-301F-11D3-BF4B-00C04F79EFBC}") = "structural", "structural\structural.csproj", "{4C67DB65-5FD2-4CD6-8BED-F0782803AD41}"
EndProject
Project("{FAE04EC0-301F-11D3-BF4B-00C04F79EFBC}") = "behavioral", "behavioral\behavioral.csproj", "{847A8F51-C409-44D6-A04A-150E5F6D12BF}"
EndProject
Global
	GlobalSection(SolutionConfigurationPlatforms) = preSolution
		Debug|Any CPU = Debug|Any CPU
		Release|Any CPU = Release|Any CPU
	EndGlobalSection
	GlobalSection(ProjectConfigurationPlatforms) = postSolution
		{94F3E4F3-27B3-45F8-852E-DD252B6EA386}.Debug|Any CPU.ActiveCfg = Debug|Any CPU
		{94F3E4F3-27B3-45F8-852E-DD252B6EA386}.Debug|Any CPU.Build.0 = Debug|Any CPU
		{94F3E4F3-27B3-45F8-852E-DD252B6EA386}.Release|Any CPU.ActiveCfg = Release|Any CPU
		{94F3E4F3-27B3-45F8-852E-DD252B6EA386}.Release|Any CPU.Build.0 = Release|Any CPU
		{4C67DB65-5FD2-4CD6-8BED-F0782803AD41}.Debug|Any CPU.ActiveCfg = Debug|Any CPU
		{4C67DB65-5FD2-4CD6-8BED-F0782803AD41}.Debug|Any CPU.Build.0 = Debug|Any CPU
		{4C67DB65-5FD2-4CD6-8BED-F0782803AD41}.Release|Any CPU.ActiveCfg = Release|Any CPU
		{4C67DB65-5FD2-4CD6-8BED-F0782803AD41}.Release|Any CPU.Build.0 = Release|Any CPU
		{847A8F51-C409-44D6-A04A-150E5F6D12BF}.Debug|Any CPU.ActiveCfg = Debug|Any CPU
		{847A8F51-C409-44D6-A04A-150E5F6D12BF}.Debug|Any CPU.Build.0 = Debug|Any CPU
		{847A8F51-C409-44D6-A04A-150E5F6D12BF}.Release|Any CPU.ActiveCfg = Release|Any CPU
		{847A8F51-C409-44D6-A04A-150E5F6D12BF}.Release|Any CPU.Build.0 = Release|Any CPU
	EndGlobalSection
EndGlobal
